
Microsoft Visual Studio Solution File, Format Version 12.00
# Visual Studio Version 17
VisualStudioVersion = 17.8.34330.188
MinimumVisualStudioVersion = 10.0.40219.1
Project("{FAE04EC0-301F-11D3-BF4B-00C04F79EFBC}") = "Not Kayit Sistemi", "Not Kayit Sistemi\Not Kayit Sistemi.csproj", "{FED66F89-8592-40F6-90B6-59E5827A530A}"
EndProject
Global
	GlobalSection(SolutionConfigurationPlatforms) = preSolution
		Debug|Any CPU = Debug|Any CPU
		Release|Any CPU = Release|Any CPU
	EndGlobalSection
	GlobalSection(ProjectConfigurationPlatforms) = postSolution
		{FED66F89-8592-40F6-90B6-59E5827A530A}.Debug|Any CPU.ActiveCfg = Debug|Any CPU
		{FED66F89-8592-40F6-90B6-59E5827A530A}.Debug|Any CPU.Build.0 = Debug|Any CPU
		{FED66F89-8592-40F6-90B6-59E5827A530A}.Release|Any CPU.ActiveCfg = Release|Any CPU
		{FED66F89-8592-40F6-90B6-59E5827A530A}.Release|Any CPU.Build.0 = Release|Any CPU
	EndGlobalSection
	GlobalSection(SolutionProperties) = preSolution
		HideSolutionNode = FALSE
	EndGlobalSection
	GlobalSection(ExtensibilityGlobals) = postSolution
		SolutionGuid = {94984E85-399C-4EC6-99F3-3B59DC11E022}
	EndGlobalSection
EndGlobal
